
Microsoft Visual Studio Solution File, Format Version 12.00
# Visual Studio Version 17
VisualStudioVersion = 17.3.32708.82
MinimumVisualStudioVersion = 10.0.40219.1
Project("{9A19103F-16F7-4668-BE54-9A1E7A4F7556}") = "WeatherKit", "WeatherKit\WeatherKit.csproj", "{CEE848A5-4805-4A8B-BC62-3A224E163069}"
EndProject
Project("{FAE04EC0-301F-11D3-BF4B-00C04F79EFBC}") = "KahuluiSampleApp", "KahuluiSampleApp\KahuluiSampleApp.csproj", "{84ACB61B-C9B6-4895-B31A-87DFFD1ECE89}"
EndProject
Global
	GlobalSection(SolutionConfigurationPlatforms) = preSolution
		Debug|Any CPU = Debug|Any CPU
		Release|Any CPU = Release|Any CPU
	EndGlobalSection
	GlobalSection(ProjectConfigurationPlatforms) = postSolution
		{CEE848A5-4805-4A8B-BC62-3A224E163069}.Debug|Any CPU.ActiveCfg = Debug|Any CPU
		{CEE848A5-4805-4A8B-BC62-3A224E163069}.Debug|Any CPU.Build.0 = Debug|Any CPU
		{CEE848A5-4805-4A8B-BC62-3A224E163069}.Release|Any CPU.ActiveCfg = Release|Any CPU
		{CEE848A5-4805-4A8B-BC62-3A224E163069}.Release|Any CPU.Build.0 = Release|Any CPU
		{84ACB61B-C9B6-4895-B31A-87DFFD1ECE89}.Debug|Any CPU.ActiveCfg = Debug|Any CPU
		{84ACB61B-C9B6-4895-B31A-87DFFD1ECE89}.Debug|Any CPU.Build.0 = Debug|Any CPU
		{84ACB61B-C9B6-4895-B31A-87DFFD1ECE89}.Debug|Any CPU.Deploy.0 = Debug|Any CPU
		{84ACB61B-C9B6-4895-B31A-87DFFD1ECE89}.Release|Any CPU.ActiveCfg = Release|Any CPU
		{84ACB61B-C9B6-4895-B31A-87DFFD1ECE89}.Release|Any CPU.Build.0 = Release|Any CPU
		{84ACB61B-C9B6-4895-B31A-87DFFD1ECE89}.Release|Any CPU.Deploy.0 = Release|Any CPU
	EndGlobalSection
	GlobalSection(SolutionProperties) = preSolution
		HideSolutionNode = FALSE
	EndGlobalSection
	GlobalSection(ExtensibilityGlobals) = postSolution
		SolutionGuid = {C78B9950-A8DF-4298-9DD5-C9B7B4653E61}
	EndGlobalSection
EndGlobal
